
Microsoft Visual Studio Solution File, Format Version 12.00
# Visual Studio Version 17
VisualStudioVersion = 17.11.35312.102
MinimumVisualStudioVersion = 10.0.40219.1
Project("{888888A0-9F3D-457C-B088-3A5042F75D52}") = "botbao", "botbao.pyproj", "{EF414F28-A7D4-4091-9AB2-2E28FF80D383}"
EndProject
Global
	GlobalSection(SolutionConfigurationPlatforms) = preSolution
		Debug|Any CPU = Debug|Any CPU
		Release|Any CPU = Release|Any CPU
	EndGlobalSection
	GlobalSection(ProjectConfigurationPlatforms) = postSolution
		{EF414F28-A7D4-4091-9AB2-2E28FF80D383}.Debug|Any CPU.ActiveCfg = Debug|Any CPU
		{EF414F28-A7D4-4091-9AB2-2E28FF80D383}.Release|Any CPU.ActiveCfg = Release|Any CPU
	EndGlobalSection
	GlobalSection(SolutionProperties) = preSolution
		HideSolutionNode = FALSE
	EndGlobalSection
	GlobalSection(ExtensibilityGlobals) = postSolution
		SolutionGuid = {8B9B24CF-DA31-4CAE-A9FC-9B12B23A3E30}
	EndGlobalSection
EndGlobal
